
Microsoft Visual Studio Solution File, Format Version 12.00
# Visual Studio Version 17
VisualStudioVersion = 17.14.36603.0
MinimumVisualStudioVersion = 10.0.40219.1
Project("{8BC9CEB8-8B4A-11D0-8D11-00A0C91BC942}") = "Файлы і потокі лаба", "Файлы і потокі лаба\Файлы і потокі лаба.vcxproj", "{0327EBFF-D6C0-4125-82BF-1F2324E0823B}"
EndProject
Project("{8BC9CEB8-8B4A-11D0-8D11-00A0C91BC942}") = "Tests", "Tests\Tests.vcxproj", "{93BE59E2-6513-4C21-8600-47F391520803}"
EndProject
Global
	GlobalSection(SolutionConfigurationPlatforms) = preSolution
		Debug|x64 = Debug|x64
		Debug|x86 = Debug|x86
		Release|x64 = Release|x64
		Release|x86 = Release|x86
	EndGlobalSection
	GlobalSection(ProjectConfigurationPlatforms) = postSolution
		{0327EBFF-D6C0-4125-82BF-1F2324E0823B}.Debug|x64.ActiveCfg = Debug|x64
		{0327EBFF-D6C0-4125-82BF-1F2324E0823B}.Debug|x64.Build.0 = Debug|x64
		{0327EBFF-D6C0-4125-82BF-1F2324E0823B}.Debug|x86.ActiveCfg = Debug|Win32
		{0327EBFF-D6C0-4125-82BF-1F2324E0823B}.Debug|x86.Build.0 = Debug|Win32
		{0327EBFF-D6C0-4125-82BF-1F2324E0823B}.Release|x64.ActiveCfg = Release|x64
		{0327EBFF-D6C0-4125-82BF-1F2324E0823B}.Release|x64.Build.0 = Release|x64
		{0327EBFF-D6C0-4125-82BF-1F2324E0823B}.Release|x86.ActiveCfg = Release|Win32
		{0327EBFF-D6C0-4125-82BF-1F2324E0823B}.Release|x86.Build.0 = Release|Win32
		{93BE59E2-6513-4C21-8600-47F391520803}.Debug|x64.ActiveCfg = Debug|x64
		{93BE59E2-6513-4C21-8600-47F391520803}.Debug|x64.Build.0 = Debug|x64
		{93BE59E2-6513-4C21-8600-47F391520803}.Debug|x86.ActiveCfg = Debug|Win32
		{93BE59E2-6513-4C21-8600-47F391520803}.Debug|x86.Build.0 = Debug|Win32
		{93BE59E2-6513-4C21-8600-47F391520803}.Release|x64.ActiveCfg = Release|x64
		{93BE59E2-6513-4C21-8600-47F391520803}.Release|x64.Build.0 = Release|x64
		{93BE59E2-6513-4C21-8600-47F391520803}.Release|x86.ActiveCfg = Release|Win32
		{93BE59E2-6513-4C21-8600-47F391520803}.Release|x86.Build.0 = Release|Win32
	EndGlobalSection
	GlobalSection(SolutionProperties) = preSolution
		HideSolutionNode = FALSE
	EndGlobalSection
	GlobalSection(ExtensibilityGlobals) = postSolution
		SolutionGuid = {8567293A-B75C-4CA7-81B4-9C3C81EF4BA4}
	EndGlobalSection
EndGlobal
